// !$*UTF8*$!
{
	archiveVersion = 1;
	classes = {
	};
	objectVersion = 56;
	objects = {

/* Begin PBXBuildFile section */
		6C0069CD292A454100DC3A9D /* Helper.swift in Sources */ = {isa = PBXBuildFile; fileRef = 6C0069CC292A454100DC3A9D /* Helper.swift */; };
		6C0069CF292A462300DC3A9D /* InfoModel.swift in Sources */ = {isa = PBXBuildFile; fileRef = 6C0069CE292A462300DC3A9D /* InfoModel.swift */; };
		6C0069D1292A4FD100DC3A9D /* InfoData2.json in Resources */ = {isa = PBXBuildFile; fileRef = 6C0069D0292A4FD100DC3A9D /* InfoData2.json */; };
		6C09AFC6292799CD0024B0AB /* PersonalProfileApp.swift in Sources */ = {isa = PBXBuildFile; fileRef = 6C09AFC5292799CD0024B0AB /* PersonalProfileApp.swift */; };
		6C09AFC8292799CD0024B0AB /* ContentView.swift in Sources */ = {isa = PBXBuildFile; fileRef = 6C09AFC7292799CD0024B0AB /* ContentView.swift */; };
		6C09AFCA292799CE0024B0AB /* Assets.xcassets in Resources */ = {isa = PBXBuildFile; fileRef = 6C09AFC9292799CE0024B0AB /* Assets.xcassets */; };
		6C09AFCD292799CE0024B0AB /* Preview Assets.xcassets in Resources */ = {isa = PBXBuildFile; fileRef = 6C09AFCC292799CE0024B0AB /* Preview Assets.xcassets */; };
		6C09AFD42927F5560024B0AB /* ProfileView.swift in Sources */ = {isa = PBXBuildFile; fileRef = 6C09AFD32927F5560024B0AB /* ProfileView.swift */; };
		6C2F22ED292CCFE200C72653 /* SheetView.swift in Sources */ = {isa = PBXBuildFile; fileRef = 6C2F22EC292CCFE200C72653 /* SheetView.swift */; };
		6C3206FF2929161200BED031 /* InfoViewModel.swift in Sources */ = {isa = PBXBuildFile; fileRef = 6C3206FE2929161200BED031 /* InfoViewModel.swift */; };
		6C32070129292DD100BED031 /* InfoData.json in Resources */ = {isa = PBXBuildFile; fileRef = 6C32070029292DD100BED031 /* InfoData.json */; };
		6C61015E292F6B750018C84D /* DashboardView.swift in Sources */ = {isa = PBXBuildFile; fileRef = 6C61015D292F6B750018C84D /* DashboardView.swift */; };
/* End PBXBuildFile section */

/* Begin PBXFileReference section */
		6C0069CC292A454100DC3A9D /* Helper.swift */ = {isa = PBXFileReference; lastKnownFileType = sourcecode.swift; path = Helper.swift; sourceTree = "<group>"; };
		6C0069CE292A462300DC3A9D /* InfoModel.swift */ = {isa = PBXFileReference; lastKnownFileType = sourcecode.swift; path = InfoModel.swift; sourceTree = "<group>"; };
		6C0069D0292A4FD100DC3A9D /* InfoData2.json */ = {isa = PBXFileReference; lastKnownFileType = text.json; path = InfoData2.json; sourceTree = "<group>"; };
		6C09AFC2292799CD0024B0AB /* PersonalProfile.app */ = {isa = PBXFileReference; explicitFileType = wrapper.application; includeInIndex = 0; path = PersonalProfile.app; sourceTree = BUILT_PRODUCTS_DIR; };
		6C09AFC5292799CD0024B0AB /* PersonalProfileApp.swift */ = {isa = PBXFileReference; lastKnownFileType = sourcecode.swift; path = PersonalProfileApp.swift; sourceTree = "<group>"; };
		6C09AFC7292799CD0024B0AB /* ContentView.swift */ = {isa = PBXFileReference; lastKnownFileType = sourcecode.swift; path = ContentView.swift; sourceTree = "<group>"; };
		6C09AFC9292799CE0024B0AB /* Assets.xcassets */ = {isa = PBXFileReference; lastKnownFileType = folder.assetcatalog; path = Assets.xcassets; sourceTree = "<group>"; };
		6C09AFCC292799CE0024B0AB /* Preview Assets.xcassets */ = {isa = PBXFileReference; lastKnownFileType = folder.assetcatalog; path = "Preview Assets.xcassets"; sourceTree = "<group>"; };
		6C09AFD32927F5560024B0AB /* ProfileView.swift */ = {isa = PBXFileReference; lastKnownFileType = sourcecode.swift; path = ProfileView.swift; sourceTree = "<group>"; };
		6C2F22EC292CCFE200C72653 /* SheetView.swift */ = {isa = PBXFileReference; lastKnownFileType = sourcecode.swift; path = SheetView.swift; sourceTree = "<group>"; };
		6C3206FE2929161200BED031 /* InfoViewModel.swift */ = {isa = PBXFileReference; lastKnownFileType = sourcecode.swift; path = InfoViewModel.swift; sourceTree = "<group>"; };
		6C32070029292DD100BED031 /* InfoData.json */ = {isa = PBXFileReference; lastKnownFileType = text.json; path = InfoData.json; sourceTree = "<group>"; };
		6C61015D292F6B750018C84D /* DashboardView.swift */ = {isa = PBXFileReference; fileEncoding = 4; lastKnownFileType = sourcecode.swift; path = DashboardView.swift; sourceTree = "<group>"; };
/* End PBXFileReference section */

/* Begin PBXFrameworksBuildPhase section */
		6C09AFBF292799CD0024B0AB /* Frameworks */ = {
			isa = PBXFrameworksBuildPhase;
			buildActionMask = 2147483647;
			files = (
			);
			runOnlyForDeploymentPostprocessing = 0;
		};
/* End PBXFrameworksBuildPhase section */

/* Begin PBXGroup section */
		6C09AFB9292799CD0024B0AB = {
			isa = PBXGroup;
			children = (
				6C2F22EC292CCFE200C72653 /* SheetView.swift */,
				6C0069D0292A4FD100DC3A9D /* InfoData2.json */,
				6C0069CE292A462300DC3A9D /* InfoModel.swift */,
				6C0069CC292A454100DC3A9D /* Helper.swift */,
				6C32070029292DD100BED031 /* InfoData.json */,
				6C3206FE2929161200BED031 /* InfoViewModel.swift */,
				6C61015D292F6B750018C84D /* DashboardView.swift */,
				6C09AFD32927F5560024B0AB /* ProfileView.swift */,
				6C09AFC4292799CD0024B0AB /* LinkedIn */,
				6C09AFC3292799CD0024B0AB /* Products */,
			);
			sourceTree = "<group>";
		};
		6C09AFC3292799CD0024B0AB /* Products */ = {
			isa = PBXGroup;
			children = (
				6C09AFC2292799CD0024B0AB /* PersonalProfile.app */,
			);
			name = Products;
			sourceTree = "<group>";
		};
		6C09AFC4292799CD0024B0AB /* LinkedIn */ = {
			isa = PBXGroup;
			children = (
				6C09AFC5292799CD0024B0AB /* PersonalProfileApp.swift */,
				6C09AFC7292799CD0024B0AB /* ContentView.swift */,
				6C09AFC9292799CE0024B0AB /* Assets.xcassets */,
				6C09AFCB292799CE0024B0AB /* Preview Content */,
			);
			path = LinkedIn;
			sourceTree = "<group>";
		};
		6C09AFCB292799CE0024B0AB /* Preview Content */ = {
			isa = PBXGroup;
			children = (
				6C09AFCC292799CE0024B0AB /* Preview Assets.xcassets */,
			);
			path = "Preview Content";
			sourceTree = "<group>";
		};
/* End PBXGroup section */

/* Begin PBXNativeTarget section */
		6C09AFC1292799CD0024B0AB /* PersonalProfile */ = {
			isa = PBXNativeTarget;
			buildConfigurationList = 6C09AFD0292799CE0024B0AB /* Build configuration list for PBXNativeTarget "PersonalProfile" */;
			buildPhases = (
				6C09AFBE292799CD0024B0AB /* Sources */,
				6C09AFBF292799CD0024B0AB /* Frameworks */,
				6C09AFC0292799CD0024B0AB /* Resources */,
			);
			buildRules = (
			);
			dependencies = (
			);
			name = PersonalProfile;
			productName = PersonalProfile;
			productReference = 6C09AFC2292799CD0024B0AB /* PersonalProfile.app */;
			productType = "com.apple.product-type.application";
		};
/* End PBXNativeTarget section */

/* Begin PBXProject section */
		6C09AFBA292799CD0024B0AB /* Project object */ = {
			isa = PBXProject;
			attributes = {
				BuildIndependentTargetsInParallel = 1;
				LastSwiftUpdateCheck = 1400;
				LastUpgradeCheck = 1400;
				TargetAttributes = {
					6C09AFC1292799CD0024B0AB = {
						CreatedOnToolsVersion = 14.0;
					};
				};
			};
			buildConfigurationList = 6C09AFBD292799CD0024B0AB /* Build configuration list for PBXProject "PersonalProfile" */;
			compatibilityVersion = "Xcode 14.0";
			developmentRegion = en;
			hasScannedForEncodings = 0;
			knownRegions = (
				en,
				Base,
			);
			mainGroup = 6C09AFB9292799CD0024B0AB;
			productRefGroup = 6C09AFC3292799CD0024B0AB /* Products */;
			projectDirPath = "";
			projectRoot = "";
			targets = (
				6C09AFC1292799CD0024B0AB /* PersonalProfile */,
			);
		};
/* End PBXProject section */

/* Begin PBXResourcesBuildPhase section */
		6C09AFC0292799CD0024B0AB /* Resources */ = {
			isa = PBXResourcesBuildPhase;
			buildActionMask = 2147483647;
			files = (
				6C09AFCD292799CE0024B0AB /* Preview Assets.xcassets in Resources */,
				6C32070129292DD100BED031 /* InfoData.json in Resources */,
				6C0069D1292A4FD100DC3A9D /* InfoData2.json in Resources */,
				6C09AFCA292799CE0024B0AB /* Assets.xcassets in Resources */,
			);
			runOnlyForDeploymentPostprocessing = 0;
		};
/* End PBXResourcesBuildPhase section */

/* Begin PBXSourcesBuildPhase section */
		6C09AFBE292799CD0024B0AB /* Sources */ = {
			isa = PBXSourcesBuildPhase;
			buildActionMask = 2147483647;
			files = (
				6C09AFC8292799CD0024B0AB /* ContentView.swift in Sources */,
				6C61015E292F6B750018C84D /* DashboardView.swift in Sources */,
				6C3206FF2929161200BED031 /* InfoViewModel.swift in Sources */,
				6C09AFD42927F5560024B0AB /* ProfileView.swift in Sources */,
				6C0069CF292A462300DC3A9D /* InfoModel.swift in Sources */,
				6C09AFC6292799CD0024B0AB /* PersonalProfileApp.swift in Sources */,
				6C2F22ED292CCFE200C72653 /* SheetView.swift in Sources */,
				6C0069CD292A454100DC3A9D /* Helper.swift in Sources */,
			);
			runOnlyForDeploymentPostprocessing = 0;
		};
/* End PBXSourcesBuildPhase section */

/* Begin XCBuildConfiguration section */
		6C09AFCE292799CE0024B0AB /* Debug */ = {
			isa = XCBuildConfiguration;
			buildSettings = {
				ALWAYS_SEARCH_USER_PATHS = NO;
				CLANG_ANALYZER_NONNULL = YES;
				CLANG_ANALYZER_NUMBER_OBJECT_CONVERSION = YES_AGGRESSIVE;
				CLANG_CXX_LANGUAGE_STANDARD = "gnu++20";
				CLANG_ENABLE_MODULES = YES;
				CLANG_ENABLE_OBJC_ARC = YES;
				CLANG_ENABLE_OBJC_WEAK = YES;
				CLANG_WARN_BLOCK_CAPTURE_AUTORELEASING = YES;
				CLANG_WARN_BOOL_CONVERSION = YES;
				CLANG_WARN_COMMA = YES;
				CLANG_WARN_CONSTANT_CONVERSION = YES;
				CLANG_WARN_DEPRECATED_OBJC_IMPLEMENTATIONS = YES;
				CLANG_WARN_DIRECT_OBJC_ISA_USAGE = YES_ERROR;
				CLANG_WARN_DOCUMENTATION_COMMENTS = YES;
				CLANG_WARN_EMPTY_BODY = YES;
				CLANG_WARN_ENUM_CONVERSION = YES;
				CLANG_WARN_INFINITE_RECURSION = YES;
				CLANG_WARN_INT_CONVERSION = YES;
				CLANG_WARN_NON_LITERAL_NULL_CONVERSION = YES;
				CLANG_WARN_OBJC_IMPLICIT_RETAIN_SELF = YES;
				CLANG_WARN_OBJC_LITERAL_CONVERSION = YES;
				CLANG_WARN_OBJC_ROOT_CLASS = YES_ERROR;
				CLANG_WARN_QUOTED_INCLUDE_IN_FRAMEWORK_HEADER = YES;
				CLANG_WARN_RANGE_LOOP_ANALYSIS = YES;
				CLANG_WARN_STRICT_PROTOTYPES = YES;
				CLANG_WARN_SUSPICIOUS_MOVE = YES;
				CLANG_WARN_UNGUARDED_AVAILABILITY = YES_AGGRESSIVE;
				CLANG_WARN_UNREACHABLE_CODE = YES;
				CLANG_WARN__DUPLICATE_METHOD_MATCH = YES;
				COPY_PHASE_STRIP = NO;
				DEBUG_INFORMATION_FORMAT = dwarf;
				ENABLE_STRICT_OBJC_MSGSEND = YES;
				ENABLE_TESTABILITY = YES;
				GCC_C_LANGUAGE_STANDARD = gnu11;
				GCC_DYNAMIC_NO_PIC = NO;
				GCC_NO_COMMON_BLOCKS = YES;
				GCC_OPTIMIZATION_LEVEL = 0;
				GCC_PREPROCESSOR_DEFINITIONS = (
					"DEBUG=1",
					"$(inherited)",
				);
				GCC_WARN_64_TO_32_BIT_CONVERSION = YES;
				GCC_WARN_ABOUT_RETURN_TYPE = YES_ERROR;
				GCC_WARN_UNDECLARED_SELECTOR = YES;
				GCC_WARN_UNINITIALIZED_AUTOS = YES_AGGRESSIVE;
				GCC_WARN_UNUSED_FUNCTION = YES;
				GCC_WARN_UNUSED_VARIABLE = YES;
				IPHONEOS_DEPLOYMENT_TARGET = 16.0;
				MTL_ENABLE_DEBUG_INFO = INCLUDE_SOURCE;
				MTL_FAST_MATH = YES;
				ONLY_ACTIVE_ARCH = YES;
				SDKROOT = iphoneos;
				SWIFT_ACTIVE_COMPILATION_CONDITIONS = DEBUG;
				SWIFT_OPTIMIZATION_LEVEL = "-Onone";
			};
			name = Debug;
		};
		6C09AFCF292799CE0024B0AB /* Release */ = {
			isa = XCBuildConfiguration;
			buildSettings = {
				ALWAYS_SEARCH_USER_PATHS = NO;
				CLANG_ANALYZER_NONNULL = YES;
				CLANG_ANALYZER_NUMBER_OBJECT_CONVERSION = YES_AGGRESSIVE;
				CLANG_CXX_LANGUAGE_STANDARD = "gnu++20";
				CLANG_ENABLE_MODULES = YES;
				CLANG_ENABLE_OBJC_ARC = YES;
				CLANG_ENABLE_OBJC_WEAK = YES;
				CLANG_WARN_BLOCK_CAPTURE_AUTORELEASING = YES;
				CLANG_WARN_BOOL_CONVERSION = YES;
				CLANG_WARN_COMMA = YES;
				CLANG_WARN_CONSTANT_CONVERSION = YES;
				CLANG_WARN_DEPRECATED_OBJC_IMPLEMENTATIONS = YES;
				CLANG_WARN_DIRECT_OBJC_ISA_USAGE = YES_ERROR;
				CLANG_WARN_DOCUMENTATION_COMMENTS = YES;
				CLANG_WARN_EMPTY_BODY = YES;
				CLANG_WARN_ENUM_CONVERSION = YES;
				CLANG_WARN_INFINITE_RECURSION = YES;
				CLANG_WARN_INT_CONVERSION = YES;
				CLANG_WARN_NON_LITERAL_NULL_CONVERSION = YES;
				CLANG_WARN_OBJC_IMPLICIT_RETAIN_SELF = YES;
				CLANG_WARN_OBJC_LITERAL_CONVERSION = YES;
				CLANG_WARN_OBJC_ROOT_CLASS = YES_ERROR;
				CLANG_WARN_QUOTED_INCLUDE_IN_FRAMEWORK_HEADER = YES;
				CLANG_WARN_RANGE_LOOP_ANALYSIS = YES;
				CLANG_WARN_STRICT_PROTOTYPES = YES;
				CLANG_WARN_SUSPICIOUS_MOVE = YES;
				CLANG_WARN_UNGUARDED_AVAILABILITY = YES_AGGRESSIVE;
				CLANG_WARN_UNREACHABLE_CODE = YES;
				CLANG_WARN__DUPLICATE_METHOD_MATCH = YES;
				COPY_PHASE_STRIP = NO;
				DEBUG_INFORMATION_FORMAT = "dwarf-with-dsym";
				ENABLE_NS_ASSERTIONS = NO;
				ENABLE_STRICT_OBJC_MSGSEND = YES;
				GCC_C_LANGUAGE_STANDARD = gnu11;
				GCC_NO_COMMON_BLOCKS = YES;
				GCC_WARN_64_TO_32_BIT_CONVERSION = YES;
				GCC_WARN_ABOUT_RETURN_TYPE = YES_ERROR;
				GCC_WARN_UNDECLARED_SELECTOR = YES;
				GCC_WARN_UNINITIALIZED_AUTOS = YES_AGGRESSIVE;
				GCC_WARN_UNUSED_FUNCTION = YES;
				GCC_WARN_UNUSED_VARIABLE = YES;
				IPHONEOS_DEPLOYMENT_TARGET = 16.0;
				MTL_ENABLE_DEBUG_INFO = NO;
				MTL_FAST_MATH = YES;
				SDKROOT = iphoneos;
				SWIFT_COMPILATION_MODE = wholemodule;
				SWIFT_OPTIMIZATION_LEVEL = "-O";
				VALIDATE_PRODUCT = YES;
			};
			name = Release;
		};
		6C09AFD1292799CE0024B0AB /* Debug */ = {
			isa = XCBuildConfiguration;
			buildSettings = {
				ASSETCATALOG_COMPILER_APPICON_NAME = AppIcon;
				ASSETCATALOG_COMPILER_GLOBAL_ACCENT_COLOR_NAME = AccentColor;
				CODE_SIGN_STYLE = Automatic;
				CURRENT_PROJECT_VERSION = 1;
				DEVELOPMENT_ASSET_PATHS = "\"LinkedIn/Preview Content\"";
				DEVELOPMENT_TEAM = VYKT74KKNA;
				ENABLE_PREVIEWS = YES;
				GENERATE_INFOPLIST_FILE = YES;
				INFOPLIST_KEY_UIApplicationSceneManifest_Generation = YES;
				INFOPLIST_KEY_UIApplicationSupportsIndirectInputEvents = YES;
				INFOPLIST_KEY_UILaunchScreen_Generation = YES;
				INFOPLIST_KEY_UISupportedInterfaceOrientations_iPad = "UIInterfaceOrientationPortrait UIInterfaceOrientationPortraitUpsideDown UIInterfaceOrientationLandscapeLeft UIInterfaceOrientationLandscapeRight";
				INFOPLIST_KEY_UISupportedInterfaceOrientations_iPhone = "UIInterfaceOrientationPortrait UIInterfaceOrientationLandscapeLeft UIInterfaceOrientationLandscapeRight";
				LD_RUNPATH_SEARCH_PATHS = (
					"$(inherited)",
					"@executable_path/Frameworks",
				);
				MARKETING_VERSION = 1.0;
				PRODUCT_BUNDLE_IDENTIFIER = academy.2022.anna.PersonalProfile;
				PRODUCT_NAME = "$(TARGET_NAME)";
				SWIFT_EMIT_LOC_STRINGS = YES;
				SWIFT_VERSION = 5.0;
				TARGETED_DEVICE_FAMILY = "1,2";
			};
			name = Debug;
		};
		6C09AFD2292799CE0024B0AB /* Release */ = {
			isa = XCBuildConfiguration;
			buildSettings = {
				ASSETCATALOG_COMPILER_APPICON_NAME = AppIcon;
				ASSETCATALOG_COMPILER_GLOBAL_ACCENT_COLOR_NAME = AccentColor;
				CODE_SIGN_STYLE = Automatic;
				CURRENT_PROJECT_VERSION = 1;
				DEVELOPMENT_ASSET_PATHS = "\"LinkedIn/Preview Content\"";
				DEVELOPMENT_TEAM = VYKT74KKNA;
				ENABLE_PREVIEWS = YES;
				GENERATE_INFOPLIST_FILE = YES;
				INFOPLIST_KEY_UIApplicationSceneManifest_Generation = YES;
				INFOPLIST_KEY_UIApplicationSupportsIndirectInputEvents = YES;
				INFOPLIST_KEY_UILaunchScreen_Generation = YES;
				INFOPLIST_KEY_UISupportedInterfaceOrientations_iPad = "UIInterfaceOrientationPortrait UIInterfaceOrientationPortraitUpsideDown UIInterfaceOrientationLandscapeLeft UIInterfaceOrientationLandscapeRight";
				INFOPLIST_KEY_UISupportedInterfaceOrientations_iPhone = "UIInterfaceOrientationPortrait UIInterfaceOrientationLandscapeLeft UIInterfaceOrientationLandscapeRight";
				LD_RUNPATH_SEARCH_PATHS = (
					"$(inherited)",
					"@executable_path/Frameworks",
				);
				MARKETING_VERSION = 1.0;
				PRODUCT_BUNDLE_IDENTIFIER = academy.2022.anna.PersonalProfile;
				PRODUCT_NAME = "$(TARGET_NAME)";
				SWIFT_EMIT_LOC_STRINGS = YES;
				SWIFT_VERSION = 5.0;
				TARGETED_DEVICE_FAMILY = "1,2";
			};
			name = Release;
		};
/* End XCBuildConfiguration section */

/* Begin XCConfigurationList section */
		6C09AFBD292799CD0024B0AB /* Build configuration list for PBXProject "PersonalProfile" */ = {
			isa = XCConfigurationList;
			buildConfigurations = (
				6C09AFCE292799CE0024B0AB /* Debug */,
				6C09AFCF292799CE0024B0AB /* Release */,
			);
			defaultConfigurationIsVisible = 0;
			defaultConfigurationName = Release;
		};
		6C09AFD0292799CE0024B0AB /* Build configuration list for PBXNativeTarget "PersonalProfile" */ = {
			isa = XCConfigurationList;
			buildConfigurations = (
				6C09AFD1292799CE0024B0AB /* Debug */,
				6C09AFD2292799CE0024B0AB /* Release */,
			);
			defaultConfigurationIsVisible = 0;
			defaultConfigurationName = Release;
		};
/* End XCConfigurationList section */
	};
	rootObject = 6C09AFBA292799CD0024B0AB /* Project object */;
}
